
Microsoft Visual Studio Solution File, Format Version 12.00
# Visual Studio Version 17
VisualStudioVersion = 17.9.34728.123
MinimumVisualStudioVersion = 10.0.40219.1
Project("{9A19103F-16F7-4668-BE54-9A1E7A4F7556}") = "Data", "Data.csproj", "{C7350685-CE88-4E90-A7D5-6E3E277C71B3}"
EndProject
Project("{9A19103F-16F7-4668-BE54-9A1E7A4F7556}") = "Forretningslogik", "..\Forretningslogik\Forretningslogik.csproj", "{92F2257A-43FC-4A40-8AC1-799B203B12C8}"
EndProject
Project("{9A19103F-16F7-4668-BE54-9A1E7A4F7556}") = "EksamenDTO", "..\EksamenDTO\EksamenDTO.csproj", "{459EFB4D-D872-458A-8427-F469247D2B66}"
EndProject
Project("{9A19103F-16F7-4668-BE54-9A1E7A4F7556}") = "API", "..\API\API.csproj", "{A4F57643-3835-4940-8615-5153898C7C73}"
EndProject
Project("{9A19103F-16F7-4668-BE54-9A1E7A4F7556}") = "MVC", "..\MVC\MVC.csproj", "{4189475D-148A-4FC2-9B64-261FC2E10E56}"
EndProject
Project("{FAE04EC0-301F-11D3-BF4B-00C04F79EFBC}") = "MAUI", "..\MAUI\MAUI.csproj", "{0F26ABD5-ABEA-41BC-907F-0C0464D54A77}"
EndProject
Global
	GlobalSection(SolutionConfigurationPlatforms) = preSolution
		Debug|Any CPU = Debug|Any CPU
		Release|Any CPU = Release|Any CPU
	EndGlobalSection
	GlobalSection(ProjectConfigurationPlatforms) = postSolution
		{C7350685-CE88-4E90-A7D5-6E3E277C71B3}.Debug|Any CPU.ActiveCfg = Debug|Any CPU
		{C7350685-CE88-4E90-A7D5-6E3E277C71B3}.Debug|Any CPU.Build.0 = Debug|Any CPU
		{C7350685-CE88-4E90-A7D5-6E3E277C71B3}.Release|Any CPU.ActiveCfg = Release|Any CPU
		{C7350685-CE88-4E90-A7D5-6E3E277C71B3}.Release|Any CPU.Build.0 = Release|Any CPU
		{92F2257A-43FC-4A40-8AC1-799B203B12C8}.Debug|Any CPU.ActiveCfg = Debug|Any CPU
		{92F2257A-43FC-4A40-8AC1-799B203B12C8}.Debug|Any CPU.Build.0 = Debug|Any CPU
		{92F2257A-43FC-4A40-8AC1-799B203B12C8}.Release|Any CPU.ActiveCfg = Release|Any CPU
		{92F2257A-43FC-4A40-8AC1-799B203B12C8}.Release|Any CPU.Build.0 = Release|Any CPU
		{459EFB4D-D872-458A-8427-F469247D2B66}.Debug|Any CPU.ActiveCfg = Debug|Any CPU
		{459EFB4D-D872-458A-8427-F469247D2B66}.Debug|Any CPU.Build.0 = Debug|Any CPU
		{459EFB4D-D872-458A-8427-F469247D2B66}.Release|Any CPU.ActiveCfg = Release|Any CPU
		{459EFB4D-D872-458A-8427-F469247D2B66}.Release|Any CPU.Build.0 = Release|Any CPU
		{A4F57643-3835-4940-8615-5153898C7C73}.Debug|Any CPU.ActiveCfg = Debug|Any CPU
		{A4F57643-3835-4940-8615-5153898C7C73}.Debug|Any CPU.Build.0 = Debug|Any CPU
		{A4F57643-3835-4940-8615-5153898C7C73}.Release|Any CPU.ActiveCfg = Release|Any CPU
		{A4F57643-3835-4940-8615-5153898C7C73}.Release|Any CPU.Build.0 = Release|Any CPU
		{4189475D-148A-4FC2-9B64-261FC2E10E56}.Debug|Any CPU.ActiveCfg = Debug|Any CPU
		{4189475D-148A-4FC2-9B64-261FC2E10E56}.Debug|Any CPU.Build.0 = Debug|Any CPU
		{4189475D-148A-4FC2-9B64-261FC2E10E56}.Release|Any CPU.ActiveCfg = Release|Any CPU
		{4189475D-148A-4FC2-9B64-261FC2E10E56}.Release|Any CPU.Build.0 = Release|Any CPU
		{0F26ABD5-ABEA-41BC-907F-0C0464D54A77}.Debug|Any CPU.ActiveCfg = Debug|Any CPU
		{0F26ABD5-ABEA-41BC-907F-0C0464D54A77}.Debug|Any CPU.Build.0 = Debug|Any CPU
		{0F26ABD5-ABEA-41BC-907F-0C0464D54A77}.Debug|Any CPU.Deploy.0 = Debug|Any CPU
		{0F26ABD5-ABEA-41BC-907F-0C0464D54A77}.Release|Any CPU.ActiveCfg = Release|Any CPU
		{0F26ABD5-ABEA-41BC-907F-0C0464D54A77}.Release|Any CPU.Build.0 = Release|Any CPU
		{0F26ABD5-ABEA-41BC-907F-0C0464D54A77}.Release|Any CPU.Deploy.0 = Release|Any CPU
	EndGlobalSection
	GlobalSection(SolutionProperties) = preSolution
		HideSolutionNode = FALSE
	EndGlobalSection
	GlobalSection(ExtensibilityGlobals) = postSolution
		SolutionGuid = {F38BD5F9-4293-442A-86B5-71B9143B9D90}
	EndGlobalSection
EndGlobal
